// !$*UTF8*$!
{
	archiveVersion = 1;
	classes = {
	};
	objectVersion = 77;
	objects = {

/* Begin PBXContainerItemProxy section */
		93600A962EBC526D0079A8FE /* PBXContainerItemProxy */ = {
			isa = PBXContainerItemProxy;
			containerPortal = 93600A802EBC526C0079A8FE /* Project object */;
			proxyType = 1;
			remoteGlobalIDString = 93600A872EBC526C0079A8FE;
			remoteInfo = "Lab 3_Becca Berger";
		};
		93600AA02EBC526D0079A8FE /* PBXContainerItemProxy */ = {
			isa = PBXContainerItemProxy;
			containerPortal = 93600A802EBC526C0079A8FE /* Project object */;
			proxyType = 1;
			remoteGlobalIDString = 93600A872EBC526C0079A8FE;
			remoteInfo = "Lab 3_Becca Berger";
		};
/* End PBXContainerItemProxy section */

/* Begin PBXFileReference section */
		93600A882EBC526C0079A8FE /* Lab 3_Becca Berger.app */ = {isa = PBXFileReference; explicitFileType = wrapper.application; includeInIndex = 0; path = "Lab 3_Becca Berger.app"; sourceTree = BUILT_PRODUCTS_DIR; };
		93600A952EBC526D0079A8FE /* Lab 3_Becca BergerTests.xctest */ = {isa = PBXFileReference; explicitFileType = wrapper.cfbundle; includeInIndex = 0; path = "Lab 3_Becca BergerTests.xctest"; sourceTree = BUILT_PRODUCTS_DIR; };
		93600A9F2EBC526D0079A8FE /* Lab 3_Becca BergerUITests.xctest */ = {isa = PBXFileReference; explicitFileType = wrapper.cfbundle; includeInIndex = 0; path = "Lab 3_Becca BergerUITests.xctest"; sourceTree = BUILT_PRODUCTS_DIR; };
/* End PBXFileReference section */

/* Begin PBXFileSystemSynchronizedRootGroup section */
		93600A8A2EBC526C0079A8FE /* Lab 3_Becca Berger */ = {
			isa = PBXFileSystemSynchronizedRootGroup;
			path = "Lab 3_Becca Berger";
			sourceTree = "<group>";
		};
		93600A982EBC526D0079A8FE /* Lab 3_Becca BergerTests */ = {
			isa = PBXFileSystemSynchronizedRootGroup;
			path = "Lab 3_Becca BergerTests";
			sourceTree = "<group>";
		};
		93600AA22EBC526D0079A8FE /* Lab 3_Becca BergerUITests */ = {
			isa = PBXFileSystemSynchronizedRootGroup;
			path = "Lab 3_Becca BergerUITests";
			sourceTree = "<group>";
		};
/* End PBXFileSystemSynchronizedRootGroup section */

/* Begin PBXFrameworksBuildPhase section */
		93600A852EBC526C0079A8FE /* Frameworks */ = {
			isa = PBXFrameworksBuildPhase;
			buildActionMask = 2147483647;
			files = (
			);
			runOnlyForDeploymentPostprocessing = 0;
		};
		93600A922EBC526D0079A8FE /* Frameworks */ = {
			isa = PBXFrameworksBuildPhase;
			buildActionMask = 2147483647;
			files = (
			);
			runOnlyForDeploymentPostprocessing = 0;
		};
		93600A9C2EBC526D0079A8FE /* Frameworks */ = {
			isa = PBXFrameworksBuildPhase;
			buildActionMask = 2147483647;
			files = (
			);
			runOnlyForDeploymentPostprocessing = 0;
		};
/* End PBXFrameworksBuildPhase section */

/* Begin PBXGroup section */
		93600A7F2EBC526C0079A8FE = {
			isa = PBXGroup;
			children = (
				93600A8A2EBC526C0079A8FE /* Lab 3_Becca Berger */,
				93600A982EBC526D0079A8FE /* Lab 3_Becca BergerTests */,
				93600AA22EBC526D0079A8FE /* Lab 3_Becca BergerUITests */,
				93600A892EBC526C0079A8FE /* Products */,
			);
			sourceTree = "<group>";
		};
		93600A892EBC526C0079A8FE /* Products */ = {
			isa = PBXGroup;
			children = (
				93600A882EBC526C0079A8FE /* Lab 3_Becca Berger.app */,
				93600A952EBC526D0079A8FE /* Lab 3_Becca BergerTests.xctest */,
				93600A9F2EBC526D0079A8FE /* Lab 3_Becca BergerUITests.xctest */,
			);
			name = Products;
			sourceTree = "<group>";
		};
/* End PBXGroup section */

/* Begin PBXNativeTarget section */
		93600A872EBC526C0079A8FE /* Lab 3_Becca Berger */ = {
			isa = PBXNativeTarget;
			buildConfigurationList = 93600AA92EBC526D0079A8FE /* Build configuration list for PBXNativeTarget "Lab 3_Becca Berger" */;
			buildPhases = (
				93600A842EBC526C0079A8FE /* Sources */,
				93600A852EBC526C0079A8FE /* Frameworks */,
				93600A862EBC526C0079A8FE /* Resources */,
			);
			buildRules = (
			);
			dependencies = (
			);
			fileSystemSynchronizedGroups = (
				93600A8A2EBC526C0079A8FE /* Lab 3_Becca Berger */,
			);
			name = "Lab 3_Becca Berger";
			packageProductDependencies = (
			);
			productName = "Lab 3_Becca Berger";
			productReference = 93600A882EBC526C0079A8FE /* Lab 3_Becca Berger.app */;
			productType = "com.apple.product-type.application";
		};
		93600A942EBC526D0079A8FE /* Lab 3_Becca BergerTests */ = {
			isa = PBXNativeTarget;
			buildConfigurationList = 93600AAC2EBC526D0079A8FE /* Build configuration list for PBXNativeTarget "Lab 3_Becca BergerTests" */;
			buildPhases = (
				93600A912EBC526D0079A8FE /* Sources */,
				93600A922EBC526D0079A8FE /* Frameworks */,
				93600A932EBC526D0079A8FE /* Resources */,
			);
			buildRules = (
			);
			dependencies = (
				93600A972EBC526D0079A8FE /* PBXTargetDependency */,
			);
			fileSystemSynchronizedGroups = (
				93600A982EBC526D0079A8FE /* Lab 3_Becca BergerTests */,
			);
			name = "Lab 3_Becca BergerTests";
			packageProductDependencies = (
			);
			productName = "Lab 3_Becca BergerTests";
			productReference = 93600A952EBC526D0079A8FE /* Lab 3_Becca BergerTests.xctest */;
			productType = "com.apple.product-type.bundle.unit-test";
		};
		93600A9E2EBC526D0079A8FE /* Lab 3_Becca BergerUITests */ = {
			isa = PBXNativeTarget;
			buildConfigurationList = 93600AAF2EBC526D0079A8FE /* Build configuration list for PBXNativeTarget "Lab 3_Becca BergerUITests" */;
			buildPhases = (
				93600A9B2EBC526D0079A8FE /* Sources */,
				93600A9C2EBC526D0079A8FE /* Frameworks */,
				93600A9D2EBC526D0079A8FE /* Resources */,
			);
			buildRules = (
			);
			dependencies = (
				93600AA12EBC526D0079A8FE /* PBXTargetDependency */,
			);
			fileSystemSynchronizedGroups = (
				93600AA22EBC526D0079A8FE /* Lab 3_Becca BergerUITests */,
			);
			name = "Lab 3_Becca BergerUITests";
			packageProductDependencies = (
			);
			productName = "Lab 3_Becca BergerUITests";
			productReference = 93600A9F2EBC526D0079A8FE /* Lab 3_Becca BergerUITests.xctest */;
			productType = "com.apple.product-type.bundle.ui-testing";
		};
/* End PBXNativeTarget section */

/* Begin PBXProject section */
		93600A802EBC526C0079A8FE /* Project object */ = {
			isa = PBXProject;
			attributes = {
				BuildIndependentTargetsInParallel = 1;
				LastSwiftUpdateCheck = 2610;
				LastUpgradeCheck = 2610;
				TargetAttributes = {
					93600A872EBC526C0079A8FE = {
						CreatedOnToolsVersion = 26.1;
					};
					93600A942EBC526D0079A8FE = {
						CreatedOnToolsVersion = 26.1;
						TestTargetID = 93600A872EBC526C0079A8FE;
					};
					93600A9E2EBC526D0079A8FE = {
						CreatedOnToolsVersion = 26.1;
						TestTargetID = 93600A872EBC526C0079A8FE;
					};
				};
			};
			buildConfigurationList = 93600A832EBC526C0079A8FE /* Build configuration list for PBXProject "Lab 3_Becca Berger" */;
			developmentRegion = en;
			hasScannedForEncodings = 0;
			knownRegions = (
				en,
				Base,
			);
			mainGroup = 93600A7F2EBC526C0079A8FE;
			minimizedProjectReferenceProxies = 1;
			preferredProjectObjectVersion = 77;
			productRefGroup = 93600A892EBC526C0079A8FE /* Products */;
			projectDirPath = "";
			projectRoot = "";
			targets = (
				93600A872EBC526C0079A8FE /* Lab 3_Becca Berger */,
				93600A942EBC526D0079A8FE /* Lab 3_Becca BergerTests */,
				93600A9E2EBC526D0079A8FE /* Lab 3_Becca BergerUITests */,
			);
		};
/* End PBXProject section */

/* Begin PBXResourcesBuildPhase section */
		93600A862EBC526C0079A8FE /* Resources */ = {
			isa = PBXResourcesBuildPhase;
			buildActionMask = 2147483647;
			files = (
			);
			runOnlyForDeploymentPostprocessing = 0;
		};
		93600A932EBC526D0079A8FE /* Resources */ = {
			isa = PBXResourcesBuildPhase;
			buildActionMask = 2147483647;
			files = (
			);
			runOnlyForDeploymentPostprocessing = 0;
		};
		93600A9D2EBC526D0079A8FE /* Resources */ = {
			isa = PBXResourcesBuildPhase;
			buildActionMask = 2147483647;
			files = (
			);
			runOnlyForDeploymentPostprocessing = 0;
		};
/* End PBXResourcesBuildPhase section */

/* Begin PBXSourcesBuildPhase section */
		93600A842EBC526C0079A8FE /* Sources */ = {
			isa = PBXSourcesBuildPhase;
			buildActionMask = 2147483647;
			files = (
			);
			runOnlyForDeploymentPostprocessing = 0;
		};
		93600A912EBC526D0079A8FE /* Sources */ = {
			isa = PBXSourcesBuildPhase;
			buildActionMask = 2147483647;
			files = (
			);
			runOnlyForDeploymentPostprocessing = 0;
		};
		93600A9B2EBC526D0079A8FE /* Sources */ = {
			isa = PBXSourcesBuildPhase;
			buildActionMask = 2147483647;
			files = (
			);
			runOnlyForDeploymentPostprocessing = 0;
		};
/* End PBXSourcesBuildPhase section */

/* Begin PBXTargetDependency section */
		93600A972EBC526D0079A8FE /* PBXTargetDependency */ = {
			isa = PBXTargetDependency;
			target = 93600A872EBC526C0079A8FE /* Lab 3_Becca Berger */;
			targetProxy = 93600A962EBC526D0079A8FE /* PBXContainerItemProxy */;
		};
		93600AA12EBC526D0079A8FE /* PBXTargetDependency */ = {
			isa = PBXTargetDependency;
			target = 93600A872EBC526C0079A8FE /* Lab 3_Becca Berger */;
			targetProxy = 93600AA02EBC526D0079A8FE /* PBXContainerItemProxy */;
		};
/* End PBXTargetDependency section */

/* Begin XCBuildConfiguration section */
		93600AA72EBC526D0079A8FE /* Debug */ = {
			isa = XCBuildConfiguration;
			buildSettings = {
				ALWAYS_SEARCH_USER_PATHS = NO;
				ASSETCATALOG_COMPILER_GENERATE_SWIFT_ASSET_SYMBOL_EXTENSIONS = YES;
				CLANG_ANALYZER_NONNULL = YES;
				CLANG_ANALYZER_NUMBER_OBJECT_CONVERSION = YES_AGGRESSIVE;
				CLANG_CXX_LANGUAGE_STANDARD = "gnu++20";
				CLANG_ENABLE_MODULES = YES;
				CLANG_ENABLE_OBJC_ARC = YES;
				CLANG_ENABLE_OBJC_WEAK = YES;
				CLANG_WARN_BLOCK_CAPTURE_AUTORELEASING = YES;
				CLANG_WARN_BOOL_CONVERSION = YES;
				CLANG_WARN_COMMA = YES;
				CLANG_WARN_CONSTANT_CONVERSION = YES;
				CLANG_WARN_DEPRECATED_OBJC_IMPLEMENTATIONS = YES;
				CLANG_WARN_DIRECT_OBJC_ISA_USAGE = YES_ERROR;
				CLANG_WARN_DOCUMENTATION_COMMENTS = YES;
				CLANG_WARN_EMPTY_BODY = YES;
				CLANG_WARN_ENUM_CONVERSION = YES;
				CLANG_WARN_INFINITE_RECURSION = YES;
				CLANG_WARN_INT_CONVERSION = YES;
				CLANG_WARN_NON_LITERAL_NULL_CONVERSION = YES;
				CLANG_WARN_OBJC_IMPLICIT_RETAIN_SELF = YES;
				CLANG_WARN_OBJC_LITERAL_CONVERSION = YES;
				CLANG_WARN_OBJC_ROOT_CLASS = YES_ERROR;
				CLANG_WARN_QUOTED_INCLUDE_IN_FRAMEWORK_HEADER = YES;
				CLANG_WARN_RANGE_LOOP_ANALYSIS = YES;
				CLANG_WARN_STRICT_PROTOTYPES = YES;
				CLANG_WARN_SUSPICIOUS_MOVE = YES;
				CLANG_WARN_UNGUARDED_AVAILABILITY = YES_AGGRESSIVE;
				CLANG_WARN_UNREACHABLE_CODE = YES;
				CLANG_WARN__DUPLICATE_METHOD_MATCH = YES;
				COPY_PHASE_STRIP = NO;
				DEBUG_INFORMATION_FORMAT = dwarf;
				ENABLE_STRICT_OBJC_MSGSEND = YES;
				ENABLE_TESTABILITY = YES;
				ENABLE_USER_SCRIPT_SANDBOXING = YES;
				GCC_C_LANGUAGE_STANDARD = gnu17;
				GCC_DYNAMIC_NO_PIC = NO;
				GCC_NO_COMMON_BLOCKS = YES;
				GCC_OPTIMIZATION_LEVEL = 0;
				GCC_PREPROCESSOR_DEFINITIONS = (
					"DEBUG=1",
					"$(inherited)",
				);
				GCC_WARN_64_TO_32_BIT_CONVERSION = YES;
				GCC_WARN_ABOUT_RETURN_TYPE = YES_ERROR;
				GCC_WARN_UNDECLARED_SELECTOR = YES;
				GCC_WARN_UNINITIALIZED_AUTOS = YES_AGGRESSIVE;
				GCC_WARN_UNUSED_FUNCTION = YES;
				GCC_WARN_UNUSED_VARIABLE = YES;
				IPHONEOS_DEPLOYMENT_TARGET = 26.1;
				LOCALIZATION_PREFERS_STRING_CATALOGS = YES;
				MTL_ENABLE_DEBUG_INFO = INCLUDE_SOURCE;
				MTL_FAST_MATH = YES;
				ONLY_ACTIVE_ARCH = YES;
				SDKROOT = iphoneos;
				SWIFT_ACTIVE_COMPILATION_CONDITIONS = "DEBUG $(inherited)";
				SWIFT_OPTIMIZATION_LEVEL = "-Onone";
			};
			name = Debug;
		};
		93600AA82EBC526D0079A8FE /* Release */ = {
			isa = XCBuildConfiguration;
			buildSettings = {
				ALWAYS_SEARCH_USER_PATHS = NO;
				ASSETCATALOG_COMPILER_GENERATE_SWIFT_ASSET_SYMBOL_EXTENSIONS = YES;
				CLANG_ANALYZER_NONNULL = YES;
				CLANG_ANALYZER_NUMBER_OBJECT_CONVERSION = YES_AGGRESSIVE;
				CLANG_CXX_LANGUAGE_STANDARD = "gnu++20";
				CLANG_ENABLE_MODULES = YES;
				CLANG_ENABLE_OBJC_ARC = YES;
				CLANG_ENABLE_OBJC_WEAK = YES;
				CLANG_WARN_BLOCK_CAPTURE_AUTORELEASING = YES;
				CLANG_WARN_BOOL_CONVERSION = YES;
				CLANG_WARN_COMMA = YES;
				CLANG_WARN_CONSTANT_CONVERSION = YES;
				CLANG_WARN_DEPRECATED_OBJC_IMPLEMENTATIONS = YES;
				CLANG_WARN_DIRECT_OBJC_ISA_USAGE = YES_ERROR;
				CLANG_WARN_DOCUMENTATION_COMMENTS = YES;
				CLANG_WARN_EMPTY_BODY = YES;
				CLANG_WARN_ENUM_CONVERSION = YES;
				CLANG_WARN_INFINITE_RECURSION = YES;
				CLANG_WARN_INT_CONVERSION = YES;
				CLANG_WARN_NON_LITERAL_NULL_CONVERSION = YES;
				CLANG_WARN_OBJC_IMPLICIT_RETAIN_SELF = YES;
				CLANG_WARN_OBJC_LITERAL_CONVERSION = YES;
				CLANG_WARN_OBJC_ROOT_CLASS = YES_ERROR;
				CLANG_WARN_QUOTED_INCLUDE_IN_FRAMEWORK_HEADER = YES;
				CLANG_WARN_RANGE_LOOP_ANALYSIS = YES;
				CLANG_WARN_STRICT_PROTOTYPES = YES;
				CLANG_WARN_SUSPICIOUS_MOVE = YES;
				CLANG_WARN_UNGUARDED_AVAILABILITY = YES_AGGRESSIVE;
				CLANG_WARN_UNREACHABLE_CODE = YES;
				CLANG_WARN__DUPLICATE_METHOD_MATCH = YES;
				COPY_PHASE_STRIP = NO;
				DEBUG_INFORMATION_FORMAT = "dwarf-with-dsym";
				ENABLE_NS_ASSERTIONS = NO;
				ENABLE_STRICT_OBJC_MSGSEND = YES;
				ENABLE_USER_SCRIPT_SANDBOXING = YES;
				GCC_C_LANGUAGE_STANDARD = gnu17;
				GCC_NO_COMMON_BLOCKS = YES;
				GCC_WARN_64_TO_32_BIT_CONVERSION = YES;
				GCC_WARN_ABOUT_RETURN_TYPE = YES_ERROR;
				GCC_WARN_UNDECLARED_SELECTOR = YES;
				GCC_WARN_UNINITIALIZED_AUTOS = YES_AGGRESSIVE;
				GCC_WARN_UNUSED_FUNCTION = YES;
				GCC_WARN_UNUSED_VARIABLE = YES;
				IPHONEOS_DEPLOYMENT_TARGET = 26.1;
				LOCALIZATION_PREFERS_STRING_CATALOGS = YES;
				MTL_ENABLE_DEBUG_INFO = NO;
				MTL_FAST_MATH = YES;
				SDKROOT = iphoneos;
				SWIFT_COMPILATION_MODE = wholemodule;
				VALIDATE_PRODUCT = YES;
			};
			name = Release;
		};
		93600AAA2EBC526D0079A8FE /* Debug */ = {
			isa = XCBuildConfiguration;
			buildSettings = {
				ASSETCATALOG_COMPILER_APPICON_NAME = AppIcon;
				ASSETCATALOG_COMPILER_GLOBAL_ACCENT_COLOR_NAME = AccentColor;
				CODE_SIGN_STYLE = Automatic;
				CURRENT_PROJECT_VERSION = 1;
				ENABLE_PREVIEWS = YES;
				GENERATE_INFOPLIST_FILE = YES;
				INFOPLIST_KEY_UIApplicationSceneManifest_Generation = YES;
				INFOPLIST_KEY_UIApplicationSupportsIndirectInputEvents = YES;
				INFOPLIST_KEY_UILaunchScreen_Generation = YES;
				INFOPLIST_KEY_UISupportedInterfaceOrientations_iPad = "UIInterfaceOrientationPortrait UIInterfaceOrientationPortraitUpsideDown UIInterfaceOrientationLandscapeLeft UIInterfaceOrientationLandscapeRight";
				INFOPLIST_KEY_UISupportedInterfaceOrientations_iPhone = "UIInterfaceOrientationPortrait UIInterfaceOrientationLandscapeLeft UIInterfaceOrientationLandscapeRight";
				LD_RUNPATH_SEARCH_PATHS = (
					"$(inherited)",
					"@executable_path/Frameworks",
				);
				MARKETING_VERSION = 1.0;
				PRODUCT_BUNDLE_IDENTIFIER = "com.smccd.Lab-3-Becca-Berger";
				PRODUCT_NAME = "$(TARGET_NAME)";
				STRING_CATALOG_GENERATE_SYMBOLS = YES;
				SWIFT_APPROACHABLE_CONCURRENCY = YES;
				SWIFT_DEFAULT_ACTOR_ISOLATION = MainActor;
				SWIFT_EMIT_LOC_STRINGS = YES;
				SWIFT_UPCOMING_FEATURE_MEMBER_IMPORT_VISIBILITY = YES;
				SWIFT_VERSION = 5.0;
				TARGETED_DEVICE_FAMILY = "1,2";
			};
			name = Debug;
		};
		93600AAB2EBC526D0079A8FE /* Release */ = {
			isa = XCBuildConfiguration;
			buildSettings = {
				ASSETCATALOG_COMPILER_APPICON_NAME = AppIcon;
				ASSETCATALOG_COMPILER_GLOBAL_ACCENT_COLOR_NAME = AccentColor;
				CODE_SIGN_STYLE = Automatic;
				CURRENT_PROJECT_VERSION = 1;
				ENABLE_PREVIEWS = YES;
				GENERATE_INFOPLIST_FILE = YES;
				INFOPLIST_KEY_UIApplicationSceneManifest_Generation = YES;
				INFOPLIST_KEY_UIApplicationSupportsIndirectInputEvents = YES;
				INFOPLIST_KEY_UILaunchScreen_Generation = YES;
				INFOPLIST_KEY_UISupportedInterfaceOrientations_iPad = "UIInterfaceOrientationPortrait UIInterfaceOrientationPortraitUpsideDown UIInterfaceOrientationLandscapeLeft UIInterfaceOrientationLandscapeRight";
				INFOPLIST_KEY_UISupportedInterfaceOrientations_iPhone = "UIInterfaceOrientationPortrait UIInterfaceOrientationLandscapeLeft UIInterfaceOrientationLandscapeRight";
				LD_RUNPATH_SEARCH_PATHS = (
					"$(inherited)",
					"@executable_path/Frameworks",
				);
				MARKETING_VERSION = 1.0;
				PRODUCT_BUNDLE_IDENTIFIER = "com.smccd.Lab-3-Becca-Berger";
				PRODUCT_NAME = "$(TARGET_NAME)";
				STRING_CATALOG_GENERATE_SYMBOLS = YES;
				SWIFT_APPROACHABLE_CONCURRENCY = YES;
				SWIFT_DEFAULT_ACTOR_ISOLATION = MainActor;
				SWIFT_EMIT_LOC_STRINGS = YES;
				SWIFT_UPCOMING_FEATURE_MEMBER_IMPORT_VISIBILITY = YES;
				SWIFT_VERSION = 5.0;
				TARGETED_DEVICE_FAMILY = "1,2";
			};
			name = Release;
		};
		93600AAD2EBC526D0079A8FE /* Debug */ = {
			isa = XCBuildConfiguration;
			buildSettings = {
				BUNDLE_LOADER = "$(TEST_HOST)";
				CODE_SIGN_STYLE = Automatic;
				CURRENT_PROJECT_VERSION = 1;
				GENERATE_INFOPLIST_FILE = YES;
				IPHONEOS_DEPLOYMENT_TARGET = 26.1;
				MARKETING_VERSION = 1.0;
				PRODUCT_BUNDLE_IDENTIFIER = "com.smccd.Lab-3-Becca-BergerTests";
				PRODUCT_NAME = "$(TARGET_NAME)";
				STRING_CATALOG_GENERATE_SYMBOLS = NO;
				SWIFT_APPROACHABLE_CONCURRENCY = YES;
				SWIFT_EMIT_LOC_STRINGS = NO;
				SWIFT_UPCOMING_FEATURE_MEMBER_IMPORT_VISIBILITY = YES;
				SWIFT_VERSION = 5.0;
				TARGETED_DEVICE_FAMILY = "1,2";
				TEST_HOST = "$(BUILT_PRODUCTS_DIR)/Lab 3_Becca Berger.app/$(BUNDLE_EXECUTABLE_FOLDER_PATH)/Lab 3_Becca Berger";
			};
			name = Debug;
		};
		93600AAE2EBC526D0079A8FE /* Release */ = {
			isa = XCBuildConfiguration;
			buildSettings = {
				BUNDLE_LOADER = "$(TEST_HOST)";
				CODE_SIGN_STYLE = Automatic;
				CURRENT_PROJECT_VERSION = 1;
				GENERATE_INFOPLIST_FILE = YES;
				IPHONEOS_DEPLOYMENT_TARGET = 26.1;
				MARKETING_VERSION = 1.0;
				PRODUCT_BUNDLE_IDENTIFIER = "com.smccd.Lab-3-Becca-BergerTests";
				PRODUCT_NAME = "$(TARGET_NAME)";
				STRING_CATALOG_GENERATE_SYMBOLS = NO;
				SWIFT_APPROACHABLE_CONCURRENCY = YES;
				SWIFT_EMIT_LOC_STRINGS = NO;
				SWIFT_UPCOMING_FEATURE_MEMBER_IMPORT_VISIBILITY = YES;
				SWIFT_VERSION = 5.0;
				TARGETED_DEVICE_FAMILY = "1,2";
				TEST_HOST = "$(BUILT_PRODUCTS_DIR)/Lab 3_Becca Berger.app/$(BUNDLE_EXECUTABLE_FOLDER_PATH)/Lab 3_Becca Berger";
			};
			name = Release;
		};
		93600AB02EBC526D0079A8FE /* Debug */ = {
			isa = XCBuildConfiguration;
			buildSettings = {
				CODE_SIGN_STYLE = Automatic;
				CURRENT_PROJECT_VERSION = 1;
				GENERATE_INFOPLIST_FILE = YES;
				MARKETING_VERSION = 1.0;
				PRODUCT_BUNDLE_IDENTIFIER = "com.smccd.Lab-3-Becca-BergerUITests";
				PRODUCT_NAME = "$(TARGET_NAME)";
				STRING_CATALOG_GENERATE_SYMBOLS = NO;
				SWIFT_APPROACHABLE_CONCURRENCY = YES;
				SWIFT_EMIT_LOC_STRINGS = NO;
				SWIFT_UPCOMING_FEATURE_MEMBER_IMPORT_VISIBILITY = YES;
				SWIFT_VERSION = 5.0;
				TARGETED_DEVICE_FAMILY = "1,2";
				TEST_TARGET_NAME = "Lab 3_Becca Berger";
			};
			name = Debug;
		};
		93600AB12EBC526D0079A8FE /* Release */ = {
			isa = XCBuildConfiguration;
			buildSettings = {
				CODE_SIGN_STYLE = Automatic;
				CURRENT_PROJECT_VERSION = 1;
				GENERATE_INFOPLIST_FILE = YES;
				MARKETING_VERSION = 1.0;
				PRODUCT_BUNDLE_IDENTIFIER = "com.smccd.Lab-3-Becca-BergerUITests";
				PRODUCT_NAME = "$(TARGET_NAME)";
				STRING_CATALOG_GENERATE_SYMBOLS = NO;
				SWIFT_APPROACHABLE_CONCURRENCY = YES;
				SWIFT_EMIT_LOC_STRINGS = NO;
				SWIFT_UPCOMING_FEATURE_MEMBER_IMPORT_VISIBILITY = YES;
				SWIFT_VERSION = 5.0;
				TARGETED_DEVICE_FAMILY = "1,2";
				TEST_TARGET_NAME = "Lab 3_Becca Berger";
			};
			name = Release;
		};
/* End XCBuildConfiguration section */

/* Begin XCConfigurationList section */
		93600A832EBC526C0079A8FE /* Build configuration list for PBXProject "Lab 3_Becca Berger" */ = {
			isa = XCConfigurationList;
			buildConfigurations = (
				93600AA72EBC526D0079A8FE /* Debug */,
				93600AA82EBC526D0079A8FE /* Release */,
			);
			defaultConfigurationIsVisible = 0;
			defaultConfigurationName = Release;
		};
		93600AA92EBC526D0079A8FE /* Build configuration list for PBXNativeTarget "Lab 3_Becca Berger" */ = {
			isa = XCConfigurationList;
			buildConfigurations = (
				93600AAA2EBC526D0079A8FE /* Debug */,
				93600AAB2EBC526D0079A8FE /* Release */,
			);
			defaultConfigurationIsVisible = 0;
			defaultConfigurationName = Release;
		};
		93600AAC2EBC526D0079A8FE /* Build configuration list for PBXNativeTarget "Lab 3_Becca BergerTests" */ = {
			isa = XCConfigurationList;
			buildConfigurations = (
				93600AAD2EBC526D0079A8FE /* Debug */,
				93600AAE2EBC526D0079A8FE /* Release */,
			);
			defaultConfigurationIsVisible = 0;
			defaultConfigurationName = Release;
		};
		93600AAF2EBC526D0079A8FE /* Build configuration list for PBXNativeTarget "Lab 3_Becca BergerUITests" */ = {
			isa = XCConfigurationList;
			buildConfigurations = (
				93600AB02EBC526D0079A8FE /* Debug */,
				93600AB12EBC526D0079A8FE /* Release */,
			);
			defaultConfigurationIsVisible = 0;
			defaultConfigurationName = Release;
		};
/* End XCConfigurationList section */
	};
	rootObject = 93600A802EBC526C0079A8FE /* Project object */;
}
